{
  "name": "bulk-mailer",
  "version": "1.0.0",
  "lockfileVersion": 3,
  "requires": true,
  "packages": {
    "": {
      "name": "bulk-mailer",
      "version": "1.0.0",
      "license": "ISC",
      "dependencies": {
        "ansi-colors": "^4.1.3",
        "multi-progress": "^4.0.0",
        "nodemailer": "^6.9.15",
        "s": "^1.0.0"
      }
    },
    "node_modules/ansi-colors": {
      "version": "4.1.3",
      "resolved": "https://registry.npmjs.org/ansi-colors/-/ansi-colors-4.1.3.tgz",
      "integrity": "sha512-/6w/C21Pm1A7aZitlI5Ni/2J6FFQN8i1Cvz3kHABAAbw93v/NlvKdVOqz7CCWz/3iv/JplRSEEZ83XION15ovw==",
      "license": "MIT",
      "engines": {
        "node": ">=6"
      }
    },
    "node_modules/multi-progress": {
      "version": "4.0.0",
      "resolved": "https://registry.npmjs.org/multi-progress/-/multi-progress-4.0.0.tgz",
      "integrity": "sha512-9zcjyOou3FFCKPXsmkbC3ethv51SFPoA4dJD6TscIp2pUmy26kBDZW6h9XofPELrzseSkuD7r0V+emGEeo39Pg==",
      "license": "MIT",
      "peerDependencies": {
        "progress": "^2.0.0"
      }
    },
    "node_modules/nodemailer": {
      "version": "6.9.15",
      "resolved": "https://registry.npmjs.org/nodemailer/-/nodemailer-6.9.15.tgz",
      "integrity": "sha512-AHf04ySLC6CIfuRtRiEYtGEXgRfa6INgWGluDhnxTZhHSKvrBu7lc1VVchQ0d8nPc4cFaZoPq8vkyNoZr0TpGQ==",
      "license": "MIT-0",
      "engines": {
        "node": ">=6.0.0"
      }
    },
    "node_modules/progress": {
      "version": "2.0.3",
      "resolved": "https://registry.npmjs.org/progress/-/progress-2.0.3.tgz",
      "integrity": "sha512-7PiHtLll5LdnKIMw100I+8xJXR5gW2QwWYkT6iJva0bXitZKa/XMrSbdmg3r2Xnaidz9Qumd0VPaMrZlF9V9sA==",
      "license": "MIT",
      "peer": true,
      "engines": {
        "node": ">=0.4.0"
      }
    },
    "node_modules/s": {
      "version": "1.0.0",
      "resolved": "https://registry.npmjs.org/s/-/s-1.0.0.tgz",
      "integrity": "sha512-Tz63UXhdEBvvIV6Q0a+AV2Dx1TPq+vVWNYBxyCT9TG0uqn9kySwFTjfq3C1YuGBRwYtt9Tof11L6GCKi88foqw==",
      "license": "Apache-2.0",
      "engines": {
        "node": ">=0.8"
      }
    }
  }
}
